{
  "originHash" : "779b68677a25a84c0123daa4fd26507053f624961b83774c4ae278b90034cd77",
  "pins" : [
    {
      "identity" : "designresourceskit",
      "kind" : "remoteSourceControl",
      "location" : "https://github.com/duckduckgo/DesignResourcesKit",
      "state" : {
        "revision" : "a35414a0b07da7fb79255370edfe845b7a22558c",
        "version" : "3.3.1"
      }
    }
  ],
  "version" : 3
}
