{
  "originHash" : "52c5ad9c2309fcc6bc2fb990515551005b23071719bd3e2147e08ddbb718c232",
  "pins" : [
    {
      "identity" : "designresourceskit",
      "kind" : "remoteSourceControl",
      "location" : "https://github.com/duckduckgo/DesignResourcesKit",
      "state" : {
        "revision" : "493a824c8abaf54064d8551d67c72e5ec59d2bf9",
        "version" : "4.0.1"
      }
    }
  ],
  "version" : 3
}
