{
  "pins" : [
    {
      "identity" : "designresourceskit",
      "kind" : "remoteSourceControl",
      "location" : "https://github.com/duckduckgo/DesignResourcesKit.git",
      "state" : {
        "revision" : "30bbec9210d88411fc19ab8bd6e593a33548cf06",
        "version" : "4.0.0"
      }
    }
  ],
  "version" : 2
}
