{
  "pins" : [
    {
      "identity" : "designresourceskit",
      "kind" : "remoteSourceControl",
      "location" : "https://github.com/duckduckgo/DesignResourcesKit.git",
      "state" : {
        "revision" : "493a824c8abaf54064d8551d67c72e5ec59d2bf9",
        "version" : "4.0.1"
      }
    }
  ],
  "version" : 2
}
