{
  "pins" : [
    {
      "identity" : "bloom_cpp",
      "kind" : "remoteSourceControl",
      "location" : "https://github.com/duckduckgo/bloom_cpp.git",
      "state" : {
        "revision" : "8076199456290b61b4544bf2f4caf296759906a0",
        "version" : "3.0.0"
      }
    },
    {
      "identity" : "content-scope-scripts",
      "kind" : "remoteSourceControl",
      "location" : "https://github.com/duckduckgo/content-scope-scripts",
      "state" : {
        "revision" : "f0104543e4c16874588fca1bf089cf048ba40053",
        "version" : "8.9.0"
      }
    },
    {
      "identity" : "designresourceskit",
      "kind" : "remoteSourceControl",
      "location" : "https://github.com/duckduckgo/DesignResourcesKit.git",
      "state" : {
        "revision" : "7083d28778f86a0d6620c08ab0eb98270749f14e",
        "version" : "4.1.0"
      }
    },
    {
      "identity" : "duckduckgo-autofill",
      "kind" : "remoteSourceControl",
      "location" : "https://github.com/duckduckgo/duckduckgo-autofill.git",
      "state" : {
        "revision" : "2bc93bec9cbe6d916e84b42346b925c6c057bfa5",
        "version" : "17.0.0"
      }
    },
    {
      "identity" : "grdb.swift",
      "kind" : "remoteSourceControl",
      "location" : "https://github.com/duckduckgo/GRDB.swift.git",
      "state" : {
        "revision" : "5b2f6a81099d26ae0f9e38788f51490cd6a4b202",
        "version" : "2.4.2"
      }
    },
    {
      "identity" : "gzipswift",
      "kind" : "remoteSourceControl",
      "location" : "https://github.com/1024jp/GzipSwift.git",
      "state" : {
        "revision" : "731037f6cc2be2ec01562f6597c1d0aa3fe6fd05",
        "version" : "6.0.1"
      }
    },
    {
      "identity" : "jwt-kit",
      "kind" : "remoteSourceControl",
      "location" : "https://github.com/vapor/jwt-kit.git",
      "state" : {
        "revision" : "c2595b9ad7f512d7f334830b4df1fed6e917946a",
        "version" : "4.13.4"
      }
    },
    {
      "identity" : "privacy-dashboard",
      "kind" : "remoteSourceControl",
      "location" : "https://github.com/duckduckgo/privacy-dashboard",
      "state" : {
        "revision" : "b370e1e1afa322a48a8a37c6c954a444c15489e4",
        "version" : "9.0.0"
      }
    },
    {
      "identity" : "punycodeswift",
      "kind" : "remoteSourceControl",
      "location" : "https://github.com/gumob/PunycodeSwift.git",
      "state" : {
        "revision" : "30a462bdb4398ea835a3585472229e0d74b36ba5",
        "version" : "3.0.0"
      }
    },
    {
      "identity" : "swift-asn1",
      "kind" : "remoteSourceControl",
      "location" : "https://github.com/apple/swift-asn1.git",
      "state" : {
        "revision" : "ae33e5941bb88d88538d0a6b19ca0b01e6c76dcf",
        "version" : "1.3.1"
      }
    },
    {
      "identity" : "swift-clocks",
      "kind" : "remoteSourceControl",
      "location" : "https://github.com/pointfreeco/swift-clocks.git",
      "state" : {
        "revision" : "cc46202b53476d64e824e0b6612da09d84ffde8e",
        "version" : "1.0.6"
      }
    },
    {
      "identity" : "swift-concurrency-extras",
      "kind" : "remoteSourceControl",
      "location" : "https://github.com/pointfreeco/swift-concurrency-extras",
      "state" : {
        "revision" : "82a4ae7170d98d8538ec77238b7eb8e7199ef2e8",
        "version" : "1.3.1"
      }
    },
    {
      "identity" : "swift-crypto",
      "kind" : "remoteSourceControl",
      "location" : "https://github.com/apple/swift-crypto.git",
      "state" : {
        "revision" : "a6ce32a18b81b04ce7e897d1d98df6eb2da04786",
        "version" : "3.12.2"
      }
    },
    {
      "identity" : "swifter",
      "kind" : "remoteSourceControl",
      "location" : "https://github.com/httpswift/swifter.git",
      "state" : {
        "revision" : "9483a5d459b45c3ffd059f7b55f9638e268632fd",
        "version" : "1.5.0"
      }
    },
    {
      "identity" : "sync_crypto",
      "kind" : "remoteSourceControl",
      "location" : "https://github.com/duckduckgo/sync_crypto",
      "state" : {
        "revision" : "4e383fa27d3386a48e01a43fd890540a7d8656aa",
        "version" : "0.5.0"
      }
    },
    {
      "identity" : "trackerradarkit",
      "kind" : "remoteSourceControl",
      "location" : "https://github.com/duckduckgo/TrackerRadarKit.git",
      "state" : {
        "revision" : "5de0a610a7927b638a5fd463a53032c9934a2c3b",
        "version" : "3.0.0"
      }
    },
    {
      "identity" : "xctest-dynamic-overlay",
      "kind" : "remoteSourceControl",
      "location" : "https://github.com/pointfreeco/xctest-dynamic-overlay",
      "state" : {
        "revision" : "39de59b2d47f7ef3ca88a039dff3084688fe27f4",
        "version" : "1.5.2"
      }
    }
  ],
  "version" : 2
}
